// !$*UTF8*$!
{
	archiveVersion = 1;
	classes = {
	};
	objectVersion = 77;
	objects = {

/* Begin PBXContainerItemProxy section */
		19BC71302D72F87600CE90E6 /* PBXContainerItemProxy */ = {
			isa = PBXContainerItemProxy;
			containerPortal = 19BC71172D72F87500CE90E6 /* Project object */;
			proxyType = 1;
			remoteGlobalIDString = 19BC711E2D72F87500CE90E6;
			remoteInfo = TodoApps;
		};
		19BC713A2D72F87600CE90E6 /* PBXContainerItemProxy */ = {
			isa = PBXContainerItemProxy;
			containerPortal = 19BC71172D72F87500CE90E6 /* Project object */;
			proxyType = 1;
			remoteGlobalIDString = 19BC711E2D72F87500CE90E6;
			remoteInfo = TodoApps;
		};
/* End PBXContainerItemProxy section */

/* Begin PBXFileReference section */
		19BC711F2D72F87500CE90E6 /* TodoApps.app */ = {isa = PBXFileReference; explicitFileType = wrapper.application; includeInIndex = 0; path = TodoApps.app; sourceTree = BUILT_PRODUCTS_DIR; };
		19BC712F2D72F87600CE90E6 /* TodoAppsTests.xctest */ = {isa = PBXFileReference; explicitFileType = wrapper.cfbundle; includeInIndex = 0; path = TodoAppsTests.xctest; sourceTree = BUILT_PRODUCTS_DIR; };
		19BC71392D72F87600CE90E6 /* TodoAppsUITests.xctest */ = {isa = PBXFileReference; explicitFileType = wrapper.cfbundle; includeInIndex = 0; path = TodoAppsUITests.xctest; sourceTree = BUILT_PRODUCTS_DIR; };
/* End PBXFileReference section */

/* Begin PBXFileSystemSynchronizedBuildFileExceptionSet section */
		19E167BC2D7459D600023CE1 /* Exceptions for "TodoApps" folder in "TodoApps" target */ = {
			isa = PBXFileSystemSynchronizedBuildFileExceptionSet;
			membershipExceptions = (
				Info.plist,
			);
			target = 19BC711E2D72F87500CE90E6 /* TodoApps */;
		};
/* End PBXFileSystemSynchronizedBuildFileExceptionSet section */

/* Begin PBXFileSystemSynchronizedRootGroup section */
		198FE9F62D754B6E007825DB /* ScreenShot */ = {
			isa = PBXFileSystemSynchronizedRootGroup;
			path = ScreenShot;
			sourceTree = "<group>";
		};
		19BC71212D72F87500CE90E6 /* TodoApps */ = {
			isa = PBXFileSystemSynchronizedRootGroup;
			exceptions = (
				19E167BC2D7459D600023CE1 /* Exceptions for "TodoApps" folder in "TodoApps" target */,
			);
			path = TodoApps;
			sourceTree = "<group>";
		};
		19BC71322D72F87600CE90E6 /* TodoAppsTests */ = {
			isa = PBXFileSystemSynchronizedRootGroup;
			path = TodoAppsTests;
			sourceTree = "<group>";
		};
		19BC713C2D72F87600CE90E6 /* TodoAppsUITests */ = {
			isa = PBXFileSystemSynchronizedRootGroup;
			path = TodoAppsUITests;
			sourceTree = "<group>";
		};
/* End PBXFileSystemSynchronizedRootGroup section */

/* Begin PBXFrameworksBuildPhase section */
		19BC711C2D72F87500CE90E6 /* Frameworks */ = {
			isa = PBXFrameworksBuildPhase;
			buildActionMask = 2147483647;
			files = (
			);
			runOnlyForDeploymentPostprocessing = 0;
		};
		19BC712C2D72F87600CE90E6 /* Frameworks */ = {
			isa = PBXFrameworksBuildPhase;
			buildActionMask = 2147483647;
			files = (
			);
			runOnlyForDeploymentPostprocessing = 0;
		};
		19BC71362D72F87600CE90E6 /* Frameworks */ = {
			isa = PBXFrameworksBuildPhase;
			buildActionMask = 2147483647;
			files = (
			);
			runOnlyForDeploymentPostprocessing = 0;
		};
/* End PBXFrameworksBuildPhase section */

/* Begin PBXGroup section */
		19BC71162D72F87500CE90E6 = {
			isa = PBXGroup;
			children = (
				198FE9F62D754B6E007825DB /* ScreenShot */,
				19BC71212D72F87500CE90E6 /* TodoApps */,
				19BC71322D72F87600CE90E6 /* TodoAppsTests */,
				19BC713C2D72F87600CE90E6 /* TodoAppsUITests */,
				19BC71202D72F87500CE90E6 /* Products */,
			);
			sourceTree = "<group>";
		};
		19BC71202D72F87500CE90E6 /* Products */ = {
			isa = PBXGroup;
			children = (
				19BC711F2D72F87500CE90E6 /* TodoApps.app */,
				19BC712F2D72F87600CE90E6 /* TodoAppsTests.xctest */,
				19BC71392D72F87600CE90E6 /* TodoAppsUITests.xctest */,
			);
			name = Products;
			sourceTree = "<group>";
		};
/* End PBXGroup section */

/* Begin PBXNativeTarget section */
		19BC711E2D72F87500CE90E6 /* TodoApps */ = {
			isa = PBXNativeTarget;
			buildConfigurationList = 19BC71432D72F87600CE90E6 /* Build configuration list for PBXNativeTarget "TodoApps" */;
			buildPhases = (
				19BC711B2D72F87500CE90E6 /* Sources */,
				19BC711C2D72F87500CE90E6 /* Frameworks */,
				19BC711D2D72F87500CE90E6 /* Resources */,
			);
			buildRules = (
			);
			dependencies = (
			);
			fileSystemSynchronizedGroups = (
				198FE9F62D754B6E007825DB /* ScreenShot */,
				19BC71212D72F87500CE90E6 /* TodoApps */,
			);
			name = TodoApps;
			packageProductDependencies = (
			);
			productName = TodoApps;
			productReference = 19BC711F2D72F87500CE90E6 /* TodoApps.app */;
			productType = "com.apple.product-type.application";
		};
		19BC712E2D72F87600CE90E6 /* TodoAppsTests */ = {
			isa = PBXNativeTarget;
			buildConfigurationList = 19BC71462D72F87600CE90E6 /* Build configuration list for PBXNativeTarget "TodoAppsTests" */;
			buildPhases = (
				19BC712B2D72F87600CE90E6 /* Sources */,
				19BC712C2D72F87600CE90E6 /* Frameworks */,
				19BC712D2D72F87600CE90E6 /* Resources */,
			);
			buildRules = (
			);
			dependencies = (
				19BC71312D72F87600CE90E6 /* PBXTargetDependency */,
			);
			fileSystemSynchronizedGroups = (
				19BC71322D72F87600CE90E6 /* TodoAppsTests */,
			);
			name = TodoAppsTests;
			packageProductDependencies = (
			);
			productName = TodoAppsTests;
			productReference = 19BC712F2D72F87600CE90E6 /* TodoAppsTests.xctest */;
			productType = "com.apple.product-type.bundle.unit-test";
		};
		19BC71382D72F87600CE90E6 /* TodoAppsUITests */ = {
			isa = PBXNativeTarget;
			buildConfigurationList = 19BC71492D72F87600CE90E6 /* Build configuration list for PBXNativeTarget "TodoAppsUITests" */;
			buildPhases = (
				19BC71352D72F87600CE90E6 /* Sources */,
				19BC71362D72F87600CE90E6 /* Frameworks */,
				19BC71372D72F87600CE90E6 /* Resources */,
			);
			buildRules = (
			);
			dependencies = (
				19BC713B2D72F87600CE90E6 /* PBXTargetDependency */,
			);
			fileSystemSynchronizedGroups = (
				19BC713C2D72F87600CE90E6 /* TodoAppsUITests */,
			);
			name = TodoAppsUITests;
			packageProductDependencies = (
			);
			productName = TodoAppsUITests;
			productReference = 19BC71392D72F87600CE90E6 /* TodoAppsUITests.xctest */;
			productType = "com.apple.product-type.bundle.ui-testing";
		};
/* End PBXNativeTarget section */

/* Begin PBXProject section */
		19BC71172D72F87500CE90E6 /* Project object */ = {
			isa = PBXProject;
			attributes = {
				BuildIndependentTargetsInParallel = 1;
				LastSwiftUpdateCheck = 1620;
				LastUpgradeCheck = 1620;
				TargetAttributes = {
					19BC711E2D72F87500CE90E6 = {
						CreatedOnToolsVersion = 16.2;
					};
					19BC712E2D72F87600CE90E6 = {
						CreatedOnToolsVersion = 16.2;
						TestTargetID = 19BC711E2D72F87500CE90E6;
					};
					19BC71382D72F87600CE90E6 = {
						CreatedOnToolsVersion = 16.2;
						TestTargetID = 19BC711E2D72F87500CE90E6;
					};
				};
			};
			buildConfigurationList = 19BC711A2D72F87500CE90E6 /* Build configuration list for PBXProject "TodoApps" */;
			developmentRegion = en;
			hasScannedForEncodings = 0;
			knownRegions = (
				en,
				Base,
			);
			mainGroup = 19BC71162D72F87500CE90E6;
			minimizedProjectReferenceProxies = 1;
			preferredProjectObjectVersion = 77;
			productRefGroup = 19BC71202D72F87500CE90E6 /* Products */;
			projectDirPath = "";
			projectRoot = "";
			targets = (
				19BC711E2D72F87500CE90E6 /* TodoApps */,
				19BC712E2D72F87600CE90E6 /* TodoAppsTests */,
				19BC71382D72F87600CE90E6 /* TodoAppsUITests */,
			);
		};
/* End PBXProject section */

/* Begin PBXResourcesBuildPhase section */
		19BC711D2D72F87500CE90E6 /* Resources */ = {
			isa = PBXResourcesBuildPhase;
			buildActionMask = 2147483647;
			files = (
			);
			runOnlyForDeploymentPostprocessing = 0;
		};
		19BC712D2D72F87600CE90E6 /* Resources */ = {
			isa = PBXResourcesBuildPhase;
			buildActionMask = 2147483647;
			files = (
			);
			runOnlyForDeploymentPostprocessing = 0;
		};
		19BC71372D72F87600CE90E6 /* Resources */ = {
			isa = PBXResourcesBuildPhase;
			buildActionMask = 2147483647;
			files = (
			);
			runOnlyForDeploymentPostprocessing = 0;
		};
/* End PBXResourcesBuildPhase section */

/* Begin PBXSourcesBuildPhase section */
		19BC711B2D72F87500CE90E6 /* Sources */ = {
			isa = PBXSourcesBuildPhase;
			buildActionMask = 2147483647;
			files = (
			);
			runOnlyForDeploymentPostprocessing = 0;
		};
		19BC712B2D72F87600CE90E6 /* Sources */ = {
			isa = PBXSourcesBuildPhase;
			buildActionMask = 2147483647;
			files = (
			);
			runOnlyForDeploymentPostprocessing = 0;
		};
		19BC71352D72F87600CE90E6 /* Sources */ = {
			isa = PBXSourcesBuildPhase;
			buildActionMask = 2147483647;
			files = (
			);
			runOnlyForDeploymentPostprocessing = 0;
		};
/* End PBXSourcesBuildPhase section */

/* Begin PBXTargetDependency section */
		19BC71312D72F87600CE90E6 /* PBXTargetDependency */ = {
			isa = PBXTargetDependency;
			target = 19BC711E2D72F87500CE90E6 /* TodoApps */;
			targetProxy = 19BC71302D72F87600CE90E6 /* PBXContainerItemProxy */;
		};
		19BC713B2D72F87600CE90E6 /* PBXTargetDependency */ = {
			isa = PBXTargetDependency;
			target = 19BC711E2D72F87500CE90E6 /* TodoApps */;
			targetProxy = 19BC713A2D72F87600CE90E6 /* PBXContainerItemProxy */;
		};
/* End PBXTargetDependency section */

/* Begin XCBuildConfiguration section */
		19BC71412D72F87600CE90E6 /* Debug */ = {
			isa = XCBuildConfiguration;
			buildSettings = {
				ALWAYS_SEARCH_USER_PATHS = NO;
				ASSETCATALOG_COMPILER_GENERATE_SWIFT_ASSET_SYMBOL_EXTENSIONS = YES;
				CLANG_ANALYZER_NONNULL = YES;
				CLANG_ANALYZER_NUMBER_OBJECT_CONVERSION = YES_AGGRESSIVE;
				CLANG_CXX_LANGUAGE_STANDARD = "gnu++20";
				CLANG_ENABLE_MODULES = YES;
				CLANG_ENABLE_OBJC_ARC = YES;
				CLANG_ENABLE_OBJC_WEAK = YES;
				CLANG_WARN_BLOCK_CAPTURE_AUTORELEASING = YES;
				CLANG_WARN_BOOL_CONVERSION = YES;
				CLANG_WARN_COMMA = YES;
				CLANG_WARN_CONSTANT_CONVERSION = YES;
				CLANG_WARN_DEPRECATED_OBJC_IMPLEMENTATIONS = YES;
				CLANG_WARN_DIRECT_OBJC_ISA_USAGE = YES_ERROR;
				CLANG_WARN_DOCUMENTATION_COMMENTS = YES;
				CLANG_WARN_EMPTY_BODY = YES;
				CLANG_WARN_ENUM_CONVERSION = YES;
				CLANG_WARN_INFINITE_RECURSION = YES;
				CLANG_WARN_INT_CONVERSION = YES;
				CLANG_WARN_NON_LITERAL_NULL_CONVERSION = YES;
				CLANG_WARN_OBJC_IMPLICIT_RETAIN_SELF = YES;
				CLANG_WARN_OBJC_LITERAL_CONVERSION = YES;
				CLANG_WARN_OBJC_ROOT_CLASS = YES_ERROR;
				CLANG_WARN_QUOTED_INCLUDE_IN_FRAMEWORK_HEADER = YES;
				CLANG_WARN_RANGE_LOOP_ANALYSIS = YES;
				CLANG_WARN_STRICT_PROTOTYPES = YES;
				CLANG_WARN_SUSPICIOUS_MOVE = YES;
				CLANG_WARN_UNGUARDED_AVAILABILITY = YES_AGGRESSIVE;
				CLANG_WARN_UNREACHABLE_CODE = YES;
				CLANG_WARN__DUPLICATE_METHOD_MATCH = YES;
				COPY_PHASE_STRIP = NO;
				DEBUG_INFORMATION_FORMAT = dwarf;
				ENABLE_STRICT_OBJC_MSGSEND = YES;
				ENABLE_TESTABILITY = YES;
				ENABLE_USER_SCRIPT_SANDBOXING = YES;
				GCC_C_LANGUAGE_STANDARD = gnu17;
				GCC_DYNAMIC_NO_PIC = NO;
				GCC_NO_COMMON_BLOCKS = YES;
				GCC_OPTIMIZATION_LEVEL = 0;
				GCC_PREPROCESSOR_DEFINITIONS = (
					"DEBUG=1",
					"$(inherited)",
				);
				GCC_WARN_64_TO_32_BIT_CONVERSION = YES;
				GCC_WARN_ABOUT_RETURN_TYPE = YES_ERROR;
				GCC_WARN_UNDECLARED_SELECTOR = YES;
				GCC_WARN_UNINITIALIZED_AUTOS = YES_AGGRESSIVE;
				GCC_WARN_UNUSED_FUNCTION = YES;
				GCC_WARN_UNUSED_VARIABLE = YES;
				IPHONEOS_DEPLOYMENT_TARGET = 18.2;
				LOCALIZATION_PREFERS_STRING_CATALOGS = YES;
				MTL_ENABLE_DEBUG_INFO = INCLUDE_SOURCE;
				MTL_FAST_MATH = YES;
				ONLY_ACTIVE_ARCH = YES;
				SDKROOT = iphoneos;
				SWIFT_ACTIVE_COMPILATION_CONDITIONS = "DEBUG $(inherited)";
				SWIFT_OPTIMIZATION_LEVEL = "-Onone";
			};
			name = Debug;
		};
		19BC71422D72F87600CE90E6 /* Release */ = {
			isa = XCBuildConfiguration;
			buildSettings = {
				ALWAYS_SEARCH_USER_PATHS = NO;
				ASSETCATALOG_COMPILER_GENERATE_SWIFT_ASSET_SYMBOL_EXTENSIONS = YES;
				CLANG_ANALYZER_NONNULL = YES;
				CLANG_ANALYZER_NUMBER_OBJECT_CONVERSION = YES_AGGRESSIVE;
				CLANG_CXX_LANGUAGE_STANDARD = "gnu++20";
				CLANG_ENABLE_MODULES = YES;
				CLANG_ENABLE_OBJC_ARC = YES;
				CLANG_ENABLE_OBJC_WEAK = YES;
				CLANG_WARN_BLOCK_CAPTURE_AUTORELEASING = YES;
				CLANG_WARN_BOOL_CONVERSION = YES;
				CLANG_WARN_COMMA = YES;
				CLANG_WARN_CONSTANT_CONVERSION = YES;
				CLANG_WARN_DEPRECATED_OBJC_IMPLEMENTATIONS = YES;
				CLANG_WARN_DIRECT_OBJC_ISA_USAGE = YES_ERROR;
				CLANG_WARN_DOCUMENTATION_COMMENTS = YES;
				CLANG_WARN_EMPTY_BODY = YES;
				CLANG_WARN_ENUM_CONVERSION = YES;
				CLANG_WARN_INFINITE_RECURSION = YES;
				CLANG_WARN_INT_CONVERSION = YES;
				CLANG_WARN_NON_LITERAL_NULL_CONVERSION = YES;
				CLANG_WARN_OBJC_IMPLICIT_RETAIN_SELF = YES;
				CLANG_WARN_OBJC_LITERAL_CONVERSION = YES;
				CLANG_WARN_OBJC_ROOT_CLASS = YES_ERROR;
				CLANG_WARN_QUOTED_INCLUDE_IN_FRAMEWORK_HEADER = YES;
				CLANG_WARN_RANGE_LOOP_ANALYSIS = YES;
				CLANG_WARN_STRICT_PROTOTYPES = YES;
				CLANG_WARN_SUSPICIOUS_MOVE = YES;
				CLANG_WARN_UNGUARDED_AVAILABILITY = YES_AGGRESSIVE;
				CLANG_WARN_UNREACHABLE_CODE = YES;
				CLANG_WARN__DUPLICATE_METHOD_MATCH = YES;
				COPY_PHASE_STRIP = NO;
				DEBUG_INFORMATION_FORMAT = "dwarf-with-dsym";
				ENABLE_NS_ASSERTIONS = NO;
				ENABLE_STRICT_OBJC_MSGSEND = YES;
				ENABLE_USER_SCRIPT_SANDBOXING = YES;
				GCC_C_LANGUAGE_STANDARD = gnu17;
				GCC_NO_COMMON_BLOCKS = YES;
				GCC_WARN_64_TO_32_BIT_CONVERSION = YES;
				GCC_WARN_ABOUT_RETURN_TYPE = YES_ERROR;
				GCC_WARN_UNDECLARED_SELECTOR = YES;
				GCC_WARN_UNINITIALIZED_AUTOS = YES_AGGRESSIVE;
				GCC_WARN_UNUSED_FUNCTION = YES;
				GCC_WARN_UNUSED_VARIABLE = YES;
				IPHONEOS_DEPLOYMENT_TARGET = 18.2;
				LOCALIZATION_PREFERS_STRING_CATALOGS = YES;
				MTL_ENABLE_DEBUG_INFO = NO;
				MTL_FAST_MATH = YES;
				SDKROOT = iphoneos;
				SWIFT_COMPILATION_MODE = wholemodule;
				VALIDATE_PRODUCT = YES;
			};
			name = Release;
		};
		19BC71442D72F87600CE90E6 /* Debug */ = {
			isa = XCBuildConfiguration;
			buildSettings = {
				ASSETCATALOG_COMPILER_APPICON_NAME = AppIcon;
				ASSETCATALOG_COMPILER_GLOBAL_ACCENT_COLOR_NAME = AccentColor;
				ASSETCATALOG_COMPILER_INCLUDE_ALL_APPICON_ASSETS = NO;
				CODE_SIGN_STYLE = Automatic;
				CURRENT_PROJECT_VERSION = 1;
				DEVELOPMENT_ASSET_PATHS = "\"TodoApps/Preview Content\"";
				ENABLE_PREVIEWS = YES;
				GENERATE_INFOPLIST_FILE = YES;
				INFOPLIST_FILE = TodoApps/Info.plist;
				INFOPLIST_KEY_UIApplicationSceneManifest_Generation = YES;
				INFOPLIST_KEY_UIApplicationSupportsIndirectInputEvents = YES;
				INFOPLIST_KEY_UILaunchScreen_Generation = YES;
				INFOPLIST_KEY_UILaunchStoryboardName = "Launch Screen";
				INFOPLIST_KEY_UIRequiresFullScreen = NO;
				INFOPLIST_KEY_UIStatusBarHidden = NO;
				INFOPLIST_KEY_UISupportedInterfaceOrientations_iPad = "UIInterfaceOrientationPortrait UIInterfaceOrientationPortraitUpsideDown UIInterfaceOrientationLandscapeLeft UIInterfaceOrientationLandscapeRight";
				INFOPLIST_KEY_UISupportedInterfaceOrientations_iPhone = "UIInterfaceOrientationPortrait UIInterfaceOrientationLandscapeLeft UIInterfaceOrientationLandscapeRight";
				LD_RUNPATH_SEARCH_PATHS = (
					"$(inherited)",
					"@executable_path/Frameworks",
				);
				MARKETING_VERSION = 1.0;
				PRODUCT_BUNDLE_IDENTIFIER = prabhatkushwaha.TodoApps;
				PRODUCT_NAME = "$(TARGET_NAME)";
				SWIFT_EMIT_LOC_STRINGS = YES;
				SWIFT_VERSION = 5.0;
				TARGETED_DEVICE_FAMILY = "1,2";
			};
			name = Debug;
		};
		19BC71452D72F87600CE90E6 /* Release */ = {
			isa = XCBuildConfiguration;
			buildSettings = {
				ASSETCATALOG_COMPILER_APPICON_NAME = AppIcon;
				ASSETCATALOG_COMPILER_GLOBAL_ACCENT_COLOR_NAME = AccentColor;
				ASSETCATALOG_COMPILER_INCLUDE_ALL_APPICON_ASSETS = NO;
				CODE_SIGN_STYLE = Automatic;
				CURRENT_PROJECT_VERSION = 1;
				DEVELOPMENT_ASSET_PATHS = "\"TodoApps/Preview Content\"";
				ENABLE_PREVIEWS = YES;
				GENERATE_INFOPLIST_FILE = YES;
				INFOPLIST_FILE = TodoApps/Info.plist;
				INFOPLIST_KEY_UIApplicationSceneManifest_Generation = YES;
				INFOPLIST_KEY_UIApplicationSupportsIndirectInputEvents = YES;
				INFOPLIST_KEY_UILaunchScreen_Generation = YES;
				INFOPLIST_KEY_UILaunchStoryboardName = "Launch Screen";
				INFOPLIST_KEY_UIRequiresFullScreen = NO;
				INFOPLIST_KEY_UIStatusBarHidden = NO;
				INFOPLIST_KEY_UISupportedInterfaceOrientations_iPad = "UIInterfaceOrientationPortrait UIInterfaceOrientationPortraitUpsideDown UIInterfaceOrientationLandscapeLeft UIInterfaceOrientationLandscapeRight";
				INFOPLIST_KEY_UISupportedInterfaceOrientations_iPhone = "UIInterfaceOrientationPortrait UIInterfaceOrientationLandscapeLeft UIInterfaceOrientationLandscapeRight";
				LD_RUNPATH_SEARCH_PATHS = (
					"$(inherited)",
					"@executable_path/Frameworks",
				);
				MARKETING_VERSION = 1.0;
				PRODUCT_BUNDLE_IDENTIFIER = prabhatkushwaha.TodoApps;
				PRODUCT_NAME = "$(TARGET_NAME)";
				SWIFT_EMIT_LOC_STRINGS = YES;
				SWIFT_VERSION = 5.0;
				TARGETED_DEVICE_FAMILY = "1,2";
			};
			name = Release;
		};
		19BC71472D72F87600CE90E6 /* Debug */ = {
			isa = XCBuildConfiguration;
			buildSettings = {
				BUNDLE_LOADER = "$(TEST_HOST)";
				CODE_SIGN_STYLE = Automatic;
				CURRENT_PROJECT_VERSION = 1;
				GENERATE_INFOPLIST_FILE = YES;
				IPHONEOS_DEPLOYMENT_TARGET = 18.2;
				MARKETING_VERSION = 1.0;
				PRODUCT_BUNDLE_IDENTIFIER = prabhatkushwaha.TodoAppsTests;
				PRODUCT_NAME = "$(TARGET_NAME)";
				SWIFT_EMIT_LOC_STRINGS = NO;
				SWIFT_VERSION = 5.0;
				TARGETED_DEVICE_FAMILY = "1,2";
				TEST_HOST = "$(BUILT_PRODUCTS_DIR)/TodoApps.app/$(BUNDLE_EXECUTABLE_FOLDER_PATH)/TodoApps";
			};
			name = Debug;
		};
		19BC71482D72F87600CE90E6 /* Release */ = {
			isa = XCBuildConfiguration;
			buildSettings = {
				BUNDLE_LOADER = "$(TEST_HOST)";
				CODE_SIGN_STYLE = Automatic;
				CURRENT_PROJECT_VERSION = 1;
				GENERATE_INFOPLIST_FILE = YES;
				IPHONEOS_DEPLOYMENT_TARGET = 18.2;
				MARKETING_VERSION = 1.0;
				PRODUCT_BUNDLE_IDENTIFIER = prabhatkushwaha.TodoAppsTests;
				PRODUCT_NAME = "$(TARGET_NAME)";
				SWIFT_EMIT_LOC_STRINGS = NO;
				SWIFT_VERSION = 5.0;
				TARGETED_DEVICE_FAMILY = "1,2";
				TEST_HOST = "$(BUILT_PRODUCTS_DIR)/TodoApps.app/$(BUNDLE_EXECUTABLE_FOLDER_PATH)/TodoApps";
			};
			name = Release;
		};
		19BC714A2D72F87600CE90E6 /* Debug */ = {
			isa = XCBuildConfiguration;
			buildSettings = {
				CODE_SIGN_STYLE = Automatic;
				CURRENT_PROJECT_VERSION = 1;
				GENERATE_INFOPLIST_FILE = YES;
				MARKETING_VERSION = 1.0;
				PRODUCT_BUNDLE_IDENTIFIER = prabhatkushwaha.TodoAppsUITests;
				PRODUCT_NAME = "$(TARGET_NAME)";
				SWIFT_EMIT_LOC_STRINGS = NO;
				SWIFT_VERSION = 5.0;
				TARGETED_DEVICE_FAMILY = "1,2";
				TEST_TARGET_NAME = TodoApps;
			};
			name = Debug;
		};
		19BC714B2D72F87600CE90E6 /* Release */ = {
			isa = XCBuildConfiguration;
			buildSettings = {
				CODE_SIGN_STYLE = Automatic;
				CURRENT_PROJECT_VERSION = 1;
				GENERATE_INFOPLIST_FILE = YES;
				MARKETING_VERSION = 1.0;
				PRODUCT_BUNDLE_IDENTIFIER = prabhatkushwaha.TodoAppsUITests;
				PRODUCT_NAME = "$(TARGET_NAME)";
				SWIFT_EMIT_LOC_STRINGS = NO;
				SWIFT_VERSION = 5.0;
				TARGETED_DEVICE_FAMILY = "1,2";
				TEST_TARGET_NAME = TodoApps;
			};
			name = Release;
		};
/* End XCBuildConfiguration section */

/* Begin XCConfigurationList section */
		19BC711A2D72F87500CE90E6 /* Build configuration list for PBXProject "TodoApps" */ = {
			isa = XCConfigurationList;
			buildConfigurations = (
				19BC71412D72F87600CE90E6 /* Debug */,
				19BC71422D72F87600CE90E6 /* Release */,
			);
			defaultConfigurationIsVisible = 0;
			defaultConfigurationName = Release;
		};
		19BC71432D72F87600CE90E6 /* Build configuration list for PBXNativeTarget "TodoApps" */ = {
			isa = XCConfigurationList;
			buildConfigurations = (
				19BC71442D72F87600CE90E6 /* Debug */,
				19BC71452D72F87600CE90E6 /* Release */,
			);
			defaultConfigurationIsVisible = 0;
			defaultConfigurationName = Release;
		};
		19BC71462D72F87600CE90E6 /* Build configuration list for PBXNativeTarget "TodoAppsTests" */ = {
			isa = XCConfigurationList;
			buildConfigurations = (
				19BC71472D72F87600CE90E6 /* Debug */,
				19BC71482D72F87600CE90E6 /* Release */,
			);
			defaultConfigurationIsVisible = 0;
			defaultConfigurationName = Release;
		};
		19BC71492D72F87600CE90E6 /* Build configuration list for PBXNativeTarget "TodoAppsUITests" */ = {
			isa = XCConfigurationList;
			buildConfigurations = (
				19BC714A2D72F87600CE90E6 /* Debug */,
				19BC714B2D72F87600CE90E6 /* Release */,
			);
			defaultConfigurationIsVisible = 0;
			defaultConfigurationName = Release;
		};
/* End XCConfigurationList section */
	};
	rootObject = 19BC71172D72F87500CE90E6 /* Project object */;
}
